
Microsoft Visual Studio Solution File, Format Version 12.00
# Visual Studio Version 17
VisualStudioVersion = 17.10.35122.118
MinimumVisualStudioVersion = 10.0.40219.1
Project("{FAE04EC0-301F-11D3-BF4B-00C04F79EFBC}") = "eTickets", "eTickets\eTickets.csproj", "{97CE7BF6-D7B4-40F7-8E3C-1FDD80E02DDA}"
EndProject
Global
	GlobalSection(SolutionConfigurationPlatforms) = preSolution
		Debug|Any CPU = Debug|Any CPU
		Release|Any CPU = Release|Any CPU
	EndGlobalSection
	GlobalSection(ProjectConfigurationPlatforms) = postSolution
		{97CE7BF6-D7B4-40F7-8E3C-1FDD80E02DDA}.Debug|Any CPU.ActiveCfg = Debug|Any CPU
		{97CE7BF6-D7B4-40F7-8E3C-1FDD80E02DDA}.Debug|Any CPU.Build.0 = Debug|Any CPU
		{97CE7BF6-D7B4-40F7-8E3C-1FDD80E02DDA}.Release|Any CPU.ActiveCfg = Release|Any CPU
		{97CE7BF6-D7B4-40F7-8E3C-1FDD80E02DDA}.Release|Any CPU.Build.0 = Release|Any CPU
	EndGlobalSection
	GlobalSection(SolutionProperties) = preSolution
		HideSolutionNode = FALSE
	EndGlobalSection
	GlobalSection(ExtensibilityGlobals) = postSolution
		SolutionGuid = {A058674E-8276-48CE-B896-C74853010808}
	EndGlobalSection
EndGlobal
