
Microsoft Visual Studio Solution File, Format Version 12.00
# Visual Studio Version 17
VisualStudioVersion = 17.10.35122.118
MinimumVisualStudioVersion = 10.0.40219.1
Project("{FAE04EC0-301F-11D3-BF4B-00C04F79EFBC}") = "MVCIntroDemo", "MVCIntroDemo\MVCIntroDemo.csproj", "{D15427AB-89C4-4B2E-B2AD-2E15ED2CEA86}"
EndProject
Global
	GlobalSection(SolutionConfigurationPlatforms) = preSolution
		Debug|Any CPU = Debug|Any CPU
		Release|Any CPU = Release|Any CPU
	EndGlobalSection
	GlobalSection(ProjectConfigurationPlatforms) = postSolution
		{D15427AB-89C4-4B2E-B2AD-2E15ED2CEA86}.Debug|Any CPU.ActiveCfg = Debug|Any CPU
		{D15427AB-89C4-4B2E-B2AD-2E15ED2CEA86}.Debug|Any CPU.Build.0 = Debug|Any CPU
		{D15427AB-89C4-4B2E-B2AD-2E15ED2CEA86}.Release|Any CPU.ActiveCfg = Release|Any CPU
		{D15427AB-89C4-4B2E-B2AD-2E15ED2CEA86}.Release|Any CPU.Build.0 = Release|Any CPU
	EndGlobalSection
	GlobalSection(SolutionProperties) = preSolution
		HideSolutionNode = FALSE
	EndGlobalSection
	GlobalSection(ExtensibilityGlobals) = postSolution
		SolutionGuid = {667076A8-D1D9-4D4C-9C66-6A92340AFB6F}
	EndGlobalSection
EndGlobal
